
Microsoft Visual Studio Solution File, Format Version 12.00
# Visual Studio Version 17
VisualStudioVersion = 17.7.34031.279
MinimumVisualStudioVersion = 10.0.40219.1
Project("{FAE04EC0-301F-11D3-BF4B-00C04F79EFBC}") = "miniProject1", "miniProject1\miniProject1.csproj", "{92352A44-5DE3-4E43-B831-BACE948E916F}"
EndProject
Global
	GlobalSection(SolutionConfigurationPlatforms) = preSolution
		Debug|Any CPU = Debug|Any CPU
		Release|Any CPU = Release|Any CPU
	EndGlobalSection
	GlobalSection(ProjectConfigurationPlatforms) = postSolution
		{92352A44-5DE3-4E43-B831-BACE948E916F}.Debug|Any CPU.ActiveCfg = Debug|Any CPU
		{92352A44-5DE3-4E43-B831-BACE948E916F}.Debug|Any CPU.Build.0 = Debug|Any CPU
		{92352A44-5DE3-4E43-B831-BACE948E916F}.Release|Any CPU.ActiveCfg = Release|Any CPU
		{92352A44-5DE3-4E43-B831-BACE948E916F}.Release|Any CPU.Build.0 = Release|Any CPU
	EndGlobalSection
	GlobalSection(SolutionProperties) = preSolution
		HideSolutionNode = FALSE
	EndGlobalSection
	GlobalSection(ExtensibilityGlobals) = postSolution
		SolutionGuid = {48707C8F-DE24-4FFD-86B6-A21680FAC137}
	EndGlobalSection
EndGlobal
